
Microsoft Visual Studio Solution File, Format Version 11.00
# Visual Studio 2010
Project("{FAE04EC0-301F-11D3-BF4B-00C04F79EFBC}") = "XmlDemo", "XmlDemo.csproj", "{3A8E6F7B-864C-4B25-A203-2BF254FB1901}"
EndProject
Global
	GlobalSection(SolutionConfigurationPlatforms) = preSolution
		Debug|x86 = Debug|x86
		Release|x86 = Release|x86
	EndGlobalSection
	GlobalSection(ProjectConfigurationPlatforms) = postSolution
		{3A8E6F7B-864C-4B25-A203-2BF254FB1901}.Debug|x86.ActiveCfg = Debug|x86
		{3A8E6F7B-864C-4B25-A203-2BF254FB1901}.Debug|x86.Build.0 = Debug|x86
		{3A8E6F7B-864C-4B25-A203-2BF254FB1901}.Release|x86.ActiveCfg = Release|x86
		{3A8E6F7B-864C-4B25-A203-2BF254FB1901}.Release|x86.Build.0 = Release|x86
	EndGlobalSection
	GlobalSection(SolutionProperties) = preSolution
		HideSolutionNode = FALSE
	EndGlobalSection
EndGlobal
